// !$*UTF8*$!
{
	archiveVersion = 1;
	classes = {
	};
	objectVersion = 46;
	objects = {

/* Begin PBXBuildFile section */
		1133525C1A15E68B00133B19 /* main.m in Sources */ = {isa = PBXBuildFile; fileRef = 1133525B1A15E68B00133B19 /* main.m */; };
		1133525F1A15E68B00133B19 /* AppDelegate.m in Sources */ = {isa = PBXBuildFile; fileRef = 1133525E1A15E68B00133B19 /* AppDelegate.m */; };
		113352621A15E68B00133B19 /* ViewController.m in Sources */ = {isa = PBXBuildFile; fileRef = 113352611A15E68B00133B19 /* ViewController.m */; };
		113352651A15E68B00133B19 /* Main.storyboard in Resources */ = {isa = PBXBuildFile; fileRef = 113352631A15E68B00133B19 /* Main.storyboard */; };
		113352671A15E68B00133B19 /* Images.xcassets in Resources */ = {isa = PBXBuildFile; fileRef = 113352661A15E68B00133B19 /* Images.xcassets */; };
		1133526A1A15E68B00133B19 /* LaunchScreen.xib in Resources */ = {isa = PBXBuildFile; fileRef = 113352681A15E68B00133B19 /* LaunchScreen.xib */; };
		113352761A15E68B00133B19 /* SYImagePickerTests.m in Sources */ = {isa = PBXBuildFile; fileRef = 113352751A15E68B00133B19 /* SYImagePickerTests.m */; };
		113352821A15E94F00133B19 /* SYImagePickerViewController.m in Sources */ = {isa = PBXBuildFile; fileRef = 113352801A15E94F00133B19 /* SYImagePickerViewController.m */; };
		113352831A15E94F00133B19 /* SYImagePickerViewController.xib in Resources */ = {isa = PBXBuildFile; fileRef = 113352811A15E94F00133B19 /* SYImagePickerViewController.xib */; };
		113352851A15EE7000133B19 /* AssetsLibrary.framework in Frameworks */ = {isa = PBXBuildFile; fileRef = 113352841A15EE7000133B19 /* AssetsLibrary.framework */; };
		113352871A15F1BD00133B19 /* AVFoundation.framework in Frameworks */ = {isa = PBXBuildFile; fileRef = 113352861A15F1BD00133B19 /* AVFoundation.framework */; };
		1133528A1A15F4E900133B19 /* SYNavigationController.m in Sources */ = {isa = PBXBuildFile; fileRef = 113352891A15F4E900133B19 /* SYNavigationController.m */; };
		1133528E1A16007000133B19 /* SYCollectionViewController.m in Sources */ = {isa = PBXBuildFile; fileRef = 1133528C1A16007000133B19 /* SYCollectionViewController.m */; };
		1133528F1A16007000133B19 /* SYCollectionViewController.xib in Resources */ = {isa = PBXBuildFile; fileRef = 1133528D1A16007000133B19 /* SYCollectionViewController.xib */; };
		1156CC061A19858200157A1C /* SYCollectionViewCell.m in Sources */ = {isa = PBXBuildFile; fileRef = 1156CC041A19858200157A1C /* SYCollectionViewCell.m */; };
		1156CC071A19858200157A1C /* SYCollectionViewCell.xib in Resources */ = {isa = PBXBuildFile; fileRef = 1156CC051A19858200157A1C /* SYCollectionViewCell.xib */; };
		1173ED411A199BD100DDE0D5 /* PhotoDetailsViewController.m in Sources */ = {isa = PBXBuildFile; fileRef = 1173ED3F1A199BD100DDE0D5 /* PhotoDetailsViewController.m */; };
		1173ED421A199BD100DDE0D5 /* PhotoDetailsViewController.xib in Resources */ = {isa = PBXBuildFile; fileRef = 1173ED401A199BD100DDE0D5 /* PhotoDetailsViewController.xib */; };
		11C420821A19D3B40097EB72 /* SYEditView.m in Sources */ = {isa = PBXBuildFile; fileRef = 11C420811A19D3B40097EB72 /* SYEditView.m */; };
/* End PBXBuildFile section */

/* Begin PBXContainerItemProxy section */
		113352701A15E68B00133B19 /* PBXContainerItemProxy */ = {
			isa = PBXContainerItemProxy;
			containerPortal = 1133524E1A15E68B00133B19 /* Project object */;
			proxyType = 1;
			remoteGlobalIDString = 113352551A15E68B00133B19;
			remoteInfo = SYImagePicker;
		};
/* End PBXContainerItemProxy section */

/* Begin PBXFileReference section */
		113352561A15E68B00133B19 /* SYImagePicker.app */ = {isa = PBXFileReference; explicitFileType = wrapper.application; includeInIndex = 0; path = SYImagePicker.app; sourceTree = BUILT_PRODUCTS_DIR; };
		1133525A1A15E68B00133B19 /* Info.plist */ = {isa = PBXFileReference; lastKnownFileType = text.plist.xml; path = Info.plist; sourceTree = "<group>"; };
		1133525B1A15E68B00133B19 /* main.m */ = {isa = PBXFileReference; lastKnownFileType = sourcecode.c.objc; path = main.m; sourceTree = "<group>"; };
		1133525D1A15E68B00133B19 /* AppDelegate.h */ = {isa = PBXFileReference; lastKnownFileType = sourcecode.c.h; path = AppDelegate.h; sourceTree = "<group>"; };
		1133525E1A15E68B00133B19 /* AppDelegate.m */ = {isa = PBXFileReference; lastKnownFileType = sourcecode.c.objc; path = AppDelegate.m; sourceTree = "<group>"; };
		113352601A15E68B00133B19 /* ViewController.h */ = {isa = PBXFileReference; lastKnownFileType = sourcecode.c.h; path = ViewController.h; sourceTree = "<group>"; };
		113352611A15E68B00133B19 /* ViewController.m */ = {isa = PBXFileReference; lastKnownFileType = sourcecode.c.objc; path = ViewController.m; sourceTree = "<group>"; };
		113352641A15E68B00133B19 /* Base */ = {isa = PBXFileReference; lastKnownFileType = file.storyboard; name = Base; path = Base.lproj/Main.storyboard; sourceTree = "<group>"; };
		113352661A15E68B00133B19 /* Images.xcassets */ = {isa = PBXFileReference; lastKnownFileType = folder.assetcatalog; path = Images.xcassets; sourceTree = "<group>"; };
		113352691A15E68B00133B19 /* Base */ = {isa = PBXFileReference; lastKnownFileType = file.xib; name = Base; path = Base.lproj/LaunchScreen.xib; sourceTree = "<group>"; };
		1133526F1A15E68B00133B19 /* SYImagePickerTests.xctest */ = {isa = PBXFileReference; explicitFileType = wrapper.cfbundle; includeInIndex = 0; path = SYImagePickerTests.xctest; sourceTree = BUILT_PRODUCTS_DIR; };
		113352741A15E68B00133B19 /* Info.plist */ = {isa = PBXFileReference; lastKnownFileType = text.plist.xml; path = Info.plist; sourceTree = "<group>"; };
		113352751A15E68B00133B19 /* SYImagePickerTests.m */ = {isa = PBXFileReference; lastKnownFileType = sourcecode.c.objc; path = SYImagePickerTests.m; sourceTree = "<group>"; };
		1133527F1A15E94E00133B19 /* SYImagePickerViewController.h */ = {isa = PBXFileReference; fileEncoding = 4; lastKnownFileType = sourcecode.c.h; path = SYImagePickerViewController.h; sourceTree = "<group>"; };
		113352801A15E94F00133B19 /* SYImagePickerViewController.m */ = {isa = PBXFileReference; fileEncoding = 4; lastKnownFileType = sourcecode.c.objc; path = SYImagePickerViewController.m; sourceTree = "<group>"; };
		113352811A15E94F00133B19 /* SYImagePickerViewController.xib */ = {isa = PBXFileReference; fileEncoding = 4; lastKnownFileType = file.xib; path = SYImagePickerViewController.xib; sourceTree = "<group>"; };
		113352841A15EE7000133B19 /* AssetsLibrary.framework */ = {isa = PBXFileReference; lastKnownFileType = wrapper.framework; name = AssetsLibrary.framework; path = System/Library/Frameworks/AssetsLibrary.framework; sourceTree = SDKROOT; };
		113352861A15F1BD00133B19 /* AVFoundation.framework */ = {isa = PBXFileReference; lastKnownFileType = wrapper.framework; name = AVFoundation.framework; path = System/Library/Frameworks/AVFoundation.framework; sourceTree = SDKROOT; };
		113352881A15F4E900133B19 /* SYNavigationController.h */ = {isa = PBXFileReference; fileEncoding = 4; lastKnownFileType = sourcecode.c.h; path = SYNavigationController.h; sourceTree = "<group>"; };
		113352891A15F4E900133B19 /* SYNavigationController.m */ = {isa = PBXFileReference; fileEncoding = 4; lastKnownFileType = sourcecode.c.objc; path = SYNavigationController.m; sourceTree = "<group>"; };
		1133528B1A16007000133B19 /* SYCollectionViewController.h */ = {isa = PBXFileReference; fileEncoding = 4; lastKnownFileType = sourcecode.c.h; path = SYCollectionViewController.h; sourceTree = "<group>"; };
		1133528C1A16007000133B19 /* SYCollectionViewController.m */ = {isa = PBXFileReference; fileEncoding = 4; lastKnownFileType = sourcecode.c.objc; path = SYCollectionViewController.m; sourceTree = "<group>"; };
		1133528D1A16007000133B19 /* SYCollectionViewController.xib */ = {isa = PBXFileReference; fileEncoding = 4; lastKnownFileType = file.xib; path = SYCollectionViewController.xib; sourceTree = "<group>"; };
		1156CC031A19858200157A1C /* SYCollectionViewCell.h */ = {isa = PBXFileReference; fileEncoding = 4; lastKnownFileType = sourcecode.c.h; path = SYCollectionViewCell.h; sourceTree = "<group>"; };
		1156CC041A19858200157A1C /* SYCollectionViewCell.m */ = {isa = PBXFileReference; fileEncoding = 4; lastKnownFileType = sourcecode.c.objc; path = SYCollectionViewCell.m; sourceTree = "<group>"; };
		1156CC051A19858200157A1C /* SYCollectionViewCell.xib */ = {isa = PBXFileReference; fileEncoding = 4; lastKnownFileType = file.xib; path = SYCollectionViewCell.xib; sourceTree = "<group>"; };
		1173ED3E1A199BD100DDE0D5 /* PhotoDetailsViewController.h */ = {isa = PBXFileReference; fileEncoding = 4; lastKnownFileType = sourcecode.c.h; path = PhotoDetailsViewController.h; sourceTree = "<group>"; };
		1173ED3F1A199BD100DDE0D5 /* PhotoDetailsViewController.m */ = {isa = PBXFileReference; fileEncoding = 4; lastKnownFileType = sourcecode.c.objc; path = PhotoDetailsViewController.m; sourceTree = "<group>"; };
		1173ED401A199BD100DDE0D5 /* PhotoDetailsViewController.xib */ = {isa = PBXFileReference; fileEncoding = 4; lastKnownFileType = file.xib; path = PhotoDetailsViewController.xib; sourceTree = "<group>"; };
		11C420801A19D3B40097EB72 /* SYEditView.h */ = {isa = PBXFileReference; fileEncoding = 4; lastKnownFileType = sourcecode.c.h; path = SYEditView.h; sourceTree = "<group>"; };
		11C420811A19D3B40097EB72 /* SYEditView.m */ = {isa = PBXFileReference; fileEncoding = 4; lastKnownFileType = sourcecode.c.objc; path = SYEditView.m; sourceTree = "<group>"; };
/* End PBXFileReference section */

/* Begin PBXFrameworksBuildPhase section */
		113352531A15E68B00133B19 /* Frameworks */ = {
			isa = PBXFrameworksBuildPhase;
			buildActionMask = 2147483647;
			files = (
				113352871A15F1BD00133B19 /* AVFoundation.framework in Frameworks */,
				113352851A15EE7000133B19 /* AssetsLibrary.framework in Frameworks */,
			);
			runOnlyForDeploymentPostprocessing = 0;
		};
		1133526C1A15E68B00133B19 /* Frameworks */ = {
			isa = PBXFrameworksBuildPhase;
			buildActionMask = 2147483647;
			files = (
			);
			runOnlyForDeploymentPostprocessing = 0;
		};
/* End PBXFrameworksBuildPhase section */

/* Begin PBXGroup section */
		1133524D1A15E68B00133B19 = {
			isa = PBXGroup;
			children = (
				113352861A15F1BD00133B19 /* AVFoundation.framework */,
				113352841A15EE7000133B19 /* AssetsLibrary.framework */,
				113352581A15E68B00133B19 /* SYImagePicker */,
				113352721A15E68B00133B19 /* SYImagePickerTests */,
				113352571A15E68B00133B19 /* Products */,
			);
			sourceTree = "<group>";
		};
		113352571A15E68B00133B19 /* Products */ = {
			isa = PBXGroup;
			children = (
				113352561A15E68B00133B19 /* SYImagePicker.app */,
				1133526F1A15E68B00133B19 /* SYImagePickerTests.xctest */,
			);
			name = Products;
			sourceTree = "<group>";
		};
		113352581A15E68B00133B19 /* SYImagePicker */ = {
			isa = PBXGroup;
			children = (
				1133525D1A15E68B00133B19 /* AppDelegate.h */,
				1133525E1A15E68B00133B19 /* AppDelegate.m */,
				113352601A15E68B00133B19 /* ViewController.h */,
				113352611A15E68B00133B19 /* ViewController.m */,
				113352631A15E68B00133B19 /* Main.storyboard */,
				113352661A15E68B00133B19 /* Images.xcassets */,
				113352681A15E68B00133B19 /* LaunchScreen.xib */,
				113352591A15E68B00133B19 /* Supporting Files */,
				1133527F1A15E94E00133B19 /* SYImagePickerViewController.h */,
				113352801A15E94F00133B19 /* SYImagePickerViewController.m */,
				113352811A15E94F00133B19 /* SYImagePickerViewController.xib */,
				1133528B1A16007000133B19 /* SYCollectionViewController.h */,
				1133528C1A16007000133B19 /* SYCollectionViewController.m */,
				1133528D1A16007000133B19 /* SYCollectionViewController.xib */,
				1156CC031A19858200157A1C /* SYCollectionViewCell.h */,
				1156CC041A19858200157A1C /* SYCollectionViewCell.m */,
				1156CC051A19858200157A1C /* SYCollectionViewCell.xib */,
				11C420801A19D3B40097EB72 /* SYEditView.h */,
				11C420811A19D3B40097EB72 /* SYEditView.m */,
				1173ED3E1A199BD100DDE0D5 /* PhotoDetailsViewController.h */,
				1173ED3F1A199BD100DDE0D5 /* PhotoDetailsViewController.m */,
				1173ED401A199BD100DDE0D5 /* PhotoDetailsViewController.xib */,
				113352881A15F4E900133B19 /* SYNavigationController.h */,
				113352891A15F4E900133B19 /* SYNavigationController.m */,
			);
			path = SYImagePicker;
			sourceTree = "<group>";
		};
		113352591A15E68B00133B19 /* Supporting Files */ = {
			isa = PBXGroup;
			children = (
				1133525A1A15E68B00133B19 /* Info.plist */,
				1133525B1A15E68B00133B19 /* main.m */,
			);
			name = "Supporting Files";
			sourceTree = "<group>";
		};
		113352721A15E68B00133B19 /* SYImagePickerTests */ = {
			isa = PBXGroup;
			children = (
				113352751A15E68B00133B19 /* SYImagePickerTests.m */,
				113352731A15E68B00133B19 /* Supporting Files */,
			);
			path = SYImagePickerTests;
			sourceTree = "<group>";
		};
		113352731A15E68B00133B19 /* Supporting Files */ = {
			isa = PBXGroup;
			children = (
				113352741A15E68B00133B19 /* Info.plist */,
			);
			name = "Supporting Files";
			sourceTree = "<group>";
		};
/* End PBXGroup section */

/* Begin PBXNativeTarget section */
		113352551A15E68B00133B19 /* SYImagePicker */ = {
			isa = PBXNativeTarget;
			buildConfigurationList = 113352791A15E68B00133B19 /* Build configuration list for PBXNativeTarget "SYImagePicker" */;
			buildPhases = (
				113352521A15E68B00133B19 /* Sources */,
				113352531A15E68B00133B19 /* Frameworks */,
				113352541A15E68B00133B19 /* Resources */,
			);
			buildRules = (
			);
			dependencies = (
			);
			name = SYImagePicker;
			productName = SYImagePicker;
			productReference = 113352561A15E68B00133B19 /* SYImagePicker.app */;
			productType = "com.apple.product-type.application";
		};
		1133526E1A15E68B00133B19 /* SYImagePickerTests */ = {
			isa = PBXNativeTarget;
			buildConfigurationList = 1133527C1A15E68B00133B19 /* Build configuration list for PBXNativeTarget "SYImagePickerTests" */;
			buildPhases = (
				1133526B1A15E68B00133B19 /* Sources */,
				1133526C1A15E68B00133B19 /* Frameworks */,
				1133526D1A15E68B00133B19 /* Resources */,
			);
			buildRules = (
			);
			dependencies = (
				113352711A15E68B00133B19 /* PBXTargetDependency */,
			);
			name = SYImagePickerTests;
			productName = SYImagePickerTests;
			productReference = 1133526F1A15E68B00133B19 /* SYImagePickerTests.xctest */;
			productType = "com.apple.product-type.bundle.unit-test";
		};
/* End PBXNativeTarget section */

/* Begin PBXProject section */
		1133524E1A15E68B00133B19 /* Project object */ = {
			isa = PBXProject;
			attributes = {
				LastUpgradeCheck = 0610;
				ORGANIZATIONNAME = SY;
				TargetAttributes = {
					113352551A15E68B00133B19 = {
						CreatedOnToolsVersion = 6.1;
					};
					1133526E1A15E68B00133B19 = {
						CreatedOnToolsVersion = 6.1;
						TestTargetID = 113352551A15E68B00133B19;
					};
				};
			};
			buildConfigurationList = 113352511A15E68B00133B19 /* Build configuration list for PBXProject "SYImagePicker" */;
			compatibilityVersion = "Xcode 3.2";
			developmentRegion = English;
			hasScannedForEncodings = 0;
			knownRegions = (
				en,
				Base,
			);
			mainGroup = 1133524D1A15E68B00133B19;
			productRefGroup = 113352571A15E68B00133B19 /* Products */;
			projectDirPath = "";
			projectRoot = "";
			targets = (
				113352551A15E68B00133B19 /* SYImagePicker */,
				1133526E1A15E68B00133B19 /* SYImagePickerTests */,
			);
		};
/* End PBXProject section */

/* Begin PBXResourcesBuildPhase section */
		113352541A15E68B00133B19 /* Resources */ = {
			isa = PBXResourcesBuildPhase;
			buildActionMask = 2147483647;
			files = (
				1156CC071A19858200157A1C /* SYCollectionViewCell.xib in Resources */,
				113352831A15E94F00133B19 /* SYImagePickerViewController.xib in Resources */,
				113352651A15E68B00133B19 /* Main.storyboard in Resources */,
				1133528F1A16007000133B19 /* SYCollectionViewController.xib in Resources */,
				1133526A1A15E68B00133B19 /* LaunchScreen.xib in Resources */,
				113352671A15E68B00133B19 /* Images.xcassets in Resources */,
				1173ED421A199BD100DDE0D5 /* PhotoDetailsViewController.xib in Resources */,
			);
			runOnlyForDeploymentPostprocessing = 0;
		};
		1133526D1A15E68B00133B19 /* Resources */ = {
			isa = PBXResourcesBuildPhase;
			buildActionMask = 2147483647;
			files = (
			);
			runOnlyForDeploymentPostprocessing = 0;
		};
/* End PBXResourcesBuildPhase section */

/* Begin PBXSourcesBuildPhase section */
		113352521A15E68B00133B19 /* Sources */ = {
			isa = PBXSourcesBuildPhase;
			buildActionMask = 2147483647;
			files = (
				1156CC061A19858200157A1C /* SYCollectionViewCell.m in Sources */,
				113352821A15E94F00133B19 /* SYImagePickerViewController.m in Sources */,
				113352621A15E68B00133B19 /* ViewController.m in Sources */,
				11C420821A19D3B40097EB72 /* SYEditView.m in Sources */,
				1133528E1A16007000133B19 /* SYCollectionViewController.m in Sources */,
				1133525F1A15E68B00133B19 /* AppDelegate.m in Sources */,
				1133525C1A15E68B00133B19 /* main.m in Sources */,
				1173ED411A199BD100DDE0D5 /* PhotoDetailsViewController.m in Sources */,
				1133528A1A15F4E900133B19 /* SYNavigationController.m in Sources */,
			);
			runOnlyForDeploymentPostprocessing = 0;
		};
		1133526B1A15E68B00133B19 /* Sources */ = {
			isa = PBXSourcesBuildPhase;
			buildActionMask = 2147483647;
			files = (
				113352761A15E68B00133B19 /* SYImagePickerTests.m in Sources */,
			);
			runOnlyForDeploymentPostprocessing = 0;
		};
/* End PBXSourcesBuildPhase section */

/* Begin PBXTargetDependency section */
		113352711A15E68B00133B19 /* PBXTargetDependency */ = {
			isa = PBXTargetDependency;
			target = 113352551A15E68B00133B19 /* SYImagePicker */;
			targetProxy = 113352701A15E68B00133B19 /* PBXContainerItemProxy */;
		};
/* End PBXTargetDependency section */

/* Begin PBXVariantGroup section */
		113352631A15E68B00133B19 /* Main.storyboard */ = {
			isa = PBXVariantGroup;
			children = (
				113352641A15E68B00133B19 /* Base */,
			);
			name = Main.storyboard;
			sourceTree = "<group>";
		};
		113352681A15E68B00133B19 /* LaunchScreen.xib */ = {
			isa = PBXVariantGroup;
			children = (
				113352691A15E68B00133B19 /* Base */,
			);
			name = LaunchScreen.xib;
			sourceTree = "<group>";
		};
/* End PBXVariantGroup section */

/* Begin XCBuildConfiguration section */
		113352771A15E68B00133B19 /* Debug */ = {
			isa = XCBuildConfiguration;
			buildSettings = {
				ALWAYS_SEARCH_USER_PATHS = NO;
				CLANG_CXX_LANGUAGE_STANDARD = "gnu++0x";
				CLANG_CXX_LIBRARY = "libc++";
				CLANG_ENABLE_MODULES = YES;
				CLANG_ENABLE_OBJC_ARC = YES;
				CLANG_WARN_BOOL_CONVERSION = YES;
				CLANG_WARN_CONSTANT_CONVERSION = YES;
				CLANG_WARN_DIRECT_OBJC_ISA_USAGE = YES_ERROR;
				CLANG_WARN_EMPTY_BODY = YES;
				CLANG_WARN_ENUM_CONVERSION = YES;
				CLANG_WARN_INT_CONVERSION = YES;
				CLANG_WARN_OBJC_ROOT_CLASS = YES_ERROR;
				CLANG_WARN_UNREACHABLE_CODE = YES;
				CLANG_WARN__DUPLICATE_METHOD_MATCH = YES;
				"CODE_SIGN_IDENTITY[sdk=iphoneos*]" = "iPhone Developer";
				COPY_PHASE_STRIP = NO;
				ENABLE_STRICT_OBJC_MSGSEND = YES;
				GCC_C_LANGUAGE_STANDARD = gnu99;
				GCC_DYNAMIC_NO_PIC = NO;
				GCC_OPTIMIZATION_LEVEL = 0;
				GCC_PREPROCESSOR_DEFINITIONS = (
					"DEBUG=1",
					"$(inherited)",
				);
				GCC_SYMBOLS_PRIVATE_EXTERN = NO;
				GCC_WARN_64_TO_32_BIT_CONVERSION = YES;
				GCC_WARN_ABOUT_RETURN_TYPE = YES_ERROR;
				GCC_WARN_UNDECLARED_SELECTOR = YES;
				GCC_WARN_UNINITIALIZED_AUTOS = YES_AGGRESSIVE;
				GCC_WARN_UNUSED_FUNCTION = YES;
				GCC_WARN_UNUSED_VARIABLE = YES;
				IPHONEOS_DEPLOYMENT_TARGET = 8.1;
				MTL_ENABLE_DEBUG_INFO = YES;
				ONLY_ACTIVE_ARCH = YES;
				SDKROOT = iphoneos;
			};
			name = Debug;
		};
		113352781A15E68B00133B19 /* Release */ = {
			isa = XCBuildConfiguration;
			buildSettings = {
				ALWAYS_SEARCH_USER_PATHS = NO;
				CLANG_CXX_LANGUAGE_STANDARD = "gnu++0x";
				CLANG_CXX_LIBRARY = "libc++";
				CLANG_ENABLE_MODULES = YES;
				CLANG_ENABLE_OBJC_ARC = YES;
				CLANG_WARN_BOOL_CONVERSION = YES;
				CLANG_WARN_CONSTANT_CONVERSION = YES;
				CLANG_WARN_DIRECT_OBJC_ISA_USAGE = YES_ERROR;
				CLANG_WARN_EMPTY_BODY = YES;
				CLANG_WARN_ENUM_CONVERSION = YES;
				CLANG_WARN_INT_CONVERSION = YES;
				CLANG_WARN_OBJC_ROOT_CLASS = YES_ERROR;
				CLANG_WARN_UNREACHABLE_CODE = YES;
				CLANG_WARN__DUPLICATE_METHOD_MATCH = YES;
				"CODE_SIGN_IDENTITY[sdk=iphoneos*]" = "iPhone Developer";
				COPY_PHASE_STRIP = YES;
				ENABLE_NS_ASSERTIONS = NO;
				ENABLE_STRICT_OBJC_MSGSEND = YES;
				GCC_C_LANGUAGE_STANDARD = gnu99;
				GCC_WARN_64_TO_32_BIT_CONVERSION = YES;
				GCC_WARN_ABOUT_RETURN_TYPE = YES_ERROR;
				GCC_WARN_UNDECLARED_SELECTOR = YES;
				GCC_WARN_UNINITIALIZED_AUTOS = YES_AGGRESSIVE;
				GCC_WARN_UNUSED_FUNCTION = YES;
				GCC_WARN_UNUSED_VARIABLE = YES;
				IPHONEOS_DEPLOYMENT_TARGET = 8.1;
				MTL_ENABLE_DEBUG_INFO = NO;
				SDKROOT = iphoneos;
				VALIDATE_PRODUCT = YES;
			};
			name = Release;
		};
		1133527A1A15E68B00133B19 /* Debug */ = {
			isa = XCBuildConfiguration;
			buildSettings = {
				ASSETCATALOG_COMPILER_APPICON_NAME = AppIcon;
				INFOPLIST_FILE = SYImagePicker/Info.plist;
				LD_RUNPATH_SEARCH_PATHS = "$(inherited) @executable_path/Frameworks";
				PRODUCT_NAME = "$(TARGET_NAME)";
			};
			name = Debug;
		};
		1133527B1A15E68B00133B19 /* Release */ = {
			isa = XCBuildConfiguration;
			buildSettings = {
				ASSETCATALOG_COMPILER_APPICON_NAME = AppIcon;
				INFOPLIST_FILE = SYImagePicker/Info.plist;
				LD_RUNPATH_SEARCH_PATHS = "$(inherited) @executable_path/Frameworks";
				PRODUCT_NAME = "$(TARGET_NAME)";
			};
			name = Release;
		};
		1133527D1A15E68B00133B19 /* Debug */ = {
			isa = XCBuildConfiguration;
			buildSettings = {
				BUNDLE_LOADER = "$(TEST_HOST)";
				FRAMEWORK_SEARCH_PATHS = (
					"$(SDKROOT)/Developer/Library/Frameworks",
					"$(inherited)",
				);
				GCC_PREPROCESSOR_DEFINITIONS = (
					"DEBUG=1",
					"$(inherited)",
				);
				INFOPLIST_FILE = SYImagePickerTests/Info.plist;
				LD_RUNPATH_SEARCH_PATHS = "$(inherited) @executable_path/Frameworks @loader_path/Frameworks";
				PRODUCT_NAME = "$(TARGET_NAME)";
				TEST_HOST = "$(BUILT_PRODUCTS_DIR)/SYImagePicker.app/SYImagePicker";
			};
			name = Debug;
		};
		1133527E1A15E68B00133B19 /* Release */ = {
			isa = XCBuildConfiguration;
			buildSettings = {
				BUNDLE_LOADER = "$(TEST_HOST)";
				FRAMEWORK_SEARCH_PATHS = (
					"$(SDKROOT)/Developer/Library/Frameworks",
					"$(inherited)",
				);
				INFOPLIST_FILE = SYImagePickerTests/Info.plist;
				LD_RUNPATH_SEARCH_PATHS = "$(inherited) @executable_path/Frameworks @loader_path/Frameworks";
				PRODUCT_NAME = "$(TARGET_NAME)";
				TEST_HOST = "$(BUILT_PRODUCTS_DIR)/SYImagePicker.app/SYImagePicker";
			};
			name = Release;
		};
/* End XCBuildConfiguration section */

/* Begin XCConfigurationList section */
		113352511A15E68B00133B19 /* Build configuration list for PBXProject "SYImagePicker" */ = {
			isa = XCConfigurationList;
			buildConfigurations = (
				113352771A15E68B00133B19 /* Debug */,
				113352781A15E68B00133B19 /* Release */,
			);
			defaultConfigurationIsVisible = 0;
			defaultConfigurationName = Release;
		};
		113352791A15E68B00133B19 /* Build configuration list for PBXNativeTarget "SYImagePicker" */ = {
			isa = XCConfigurationList;
			buildConfigurations = (
				1133527A1A15E68B00133B19 /* Debug */,
				1133527B1A15E68B00133B19 /* Release */,
			);
			defaultConfigurationIsVisible = 0;
			defaultConfigurationName = Release;
		};
		1133527C1A15E68B00133B19 /* Build configuration list for PBXNativeTarget "SYImagePickerTests" */ = {
			isa = XCConfigurationList;
			buildConfigurations = (
				1133527D1A15E68B00133B19 /* Debug */,
				1133527E1A15E68B00133B19 /* Release */,
			);
			defaultConfigurationIsVisible = 0;
			defaultConfigurationName = Release;
		};
/* End XCConfigurationList section */
	};
	rootObject = 1133524E1A15E68B00133B19 /* Project object */;
}
